
Microsoft Visual Studio Solution File, Format Version 12.00
# Visual Studio Version 17
VisualStudioVersion = 17.4.33213.308
MinimumVisualStudioVersion = 10.0.40219.1
Project("{FAE04EC0-301F-11D3-BF4B-00C04F79EFBC}") = "SuleymanBilet", "SuleymanBilet\SuleymanBilet.csproj", "{2E981297-F998-4A30-AF4D-7E30FE43AB8E}"
EndProject
Global
	GlobalSection(SolutionConfigurationPlatforms) = preSolution
		Debug|Any CPU = Debug|Any CPU
		Release|Any CPU = Release|Any CPU
	EndGlobalSection
	GlobalSection(ProjectConfigurationPlatforms) = postSolution
		{2E981297-F998-4A30-AF4D-7E30FE43AB8E}.Debug|Any CPU.ActiveCfg = Debug|Any CPU
		{2E981297-F998-4A30-AF4D-7E30FE43AB8E}.Debug|Any CPU.Build.0 = Debug|Any CPU
		{2E981297-F998-4A30-AF4D-7E30FE43AB8E}.Release|Any CPU.ActiveCfg = Release|Any CPU
		{2E981297-F998-4A30-AF4D-7E30FE43AB8E}.Release|Any CPU.Build.0 = Release|Any CPU
	EndGlobalSection
	GlobalSection(SolutionProperties) = preSolution
		HideSolutionNode = FALSE
	EndGlobalSection
	GlobalSection(ExtensibilityGlobals) = postSolution
		SolutionGuid = {7D9C8159-27F6-4F10-801F-34CFB7341F7A}
	EndGlobalSection
EndGlobal
